// !$*UTF8*$!
{
	archiveVersion = 1;
	classes = {
	};
	objectVersion = 56;
	objects = {

/* Begin PBXBuildFile section */
		1ACC4A992A28F33D00BCA05A /* AppDelegate.swift in Sources */ = {isa = PBXBuildFile; fileRef = 1ACC4A982A28F33D00BCA05A /* AppDelegate.swift */; };
		1ACC4A9B2A28F33D00BCA05A /* SceneDelegate.swift in Sources */ = {isa = PBXBuildFile; fileRef = 1ACC4A9A2A28F33D00BCA05A /* SceneDelegate.swift */; };
		1ACC4AA22A28F33E00BCA05A /* Assets.xcassets in Resources */ = {isa = PBXBuildFile; fileRef = 1ACC4AA12A28F33E00BCA05A /* Assets.xcassets */; };
		1ACC4AA52A28F33E00BCA05A /* LaunchScreen.storyboard in Resources */ = {isa = PBXBuildFile; fileRef = 1ACC4AA32A28F33E00BCA05A /* LaunchScreen.storyboard */; };
		1ACC4AB32A294D7500BCA05A /* TabBaViewController.swift in Sources */ = {isa = PBXBuildFile; fileRef = 1ACC4AB22A294D7500BCA05A /* TabBaViewController.swift */; };
		1ACC4AB62A2A290800BCA05A /* ContainerViewController.swift in Sources */ = {isa = PBXBuildFile; fileRef = 1ACC4AB52A2A290800BCA05A /* ContainerViewController.swift */; };
		1ACC4ABD2A2A315600BCA05A /* StartViewController.swift in Sources */ = {isa = PBXBuildFile; fileRef = 1ACC4ABC2A2A315600BCA05A /* StartViewController.swift */; };
		1ACC4AC02A2A32E000BCA05A /* AppState.swift in Sources */ = {isa = PBXBuildFile; fileRef = 1ACC4ABF2A2A32E000BCA05A /* AppState.swift */; };
		1ACC4AC92A2A5F4A00BCA05A /* DiscoverFilmsDataSource.swift in Sources */ = {isa = PBXBuildFile; fileRef = 1ACC4AC82A2A5F4A00BCA05A /* DiscoverFilmsDataSource.swift */; };
		1ACC4AD12A2A68BC00BCA05A /* WembleyFilmsAPIClient.swift in Sources */ = {isa = PBXBuildFile; fileRef = 1ACC4AD02A2A68BC00BCA05A /* WembleyFilmsAPIClient.swift */; };
		1ACC4AD32A2A693500BCA05A /* World.swift in Sources */ = {isa = PBXBuildFile; fileRef = 1ACC4AD22A2A693500BCA05A /* World.swift */; };
		1ACC4AD72A2AB51400BCA05A /* UIViewController+Utilities.swift in Sources */ = {isa = PBXBuildFile; fileRef = 1ACC4AD62A2AB51400BCA05A /* UIViewController+Utilities.swift */; };
		1ACC4AD92A2ABFAA00BCA05A /* NSAttributedString.swift in Sources */ = {isa = PBXBuildFile; fileRef = 1ACC4AD82A2ABFAA00BCA05A /* NSAttributedString.swift */; };
		1ACC4ADB2A2AC33000BCA05A /* UIImageView+Download.swift in Sources */ = {isa = PBXBuildFile; fileRef = 1ACC4ADA2A2AC33000BCA05A /* UIImageView+Download.swift */; };
		1ACC4AE12A2ACD6A00BCA05A /* Film.swift in Sources */ = {isa = PBXBuildFile; fileRef = 1ACC4AE02A2ACD6A00BCA05A /* Film.swift */; };
		1ACC4B012A2BB0BA00BCA05A /* AuthenticationDataSource.swift in Sources */ = {isa = PBXBuildFile; fileRef = 1ACC4B002A2BB0BA00BCA05A /* AuthenticationDataSource.swift */; };
		1ACC4B032A2BB24900BCA05A /* WembleyFilmsAPIClient+Extensions.swift in Sources */ = {isa = PBXBuildFile; fileRef = 1ACC4B022A2BB24900BCA05A /* WembleyFilmsAPIClient+Extensions.swift */; };
		1ACC4B062A2BB32F00BCA05A /* Endpoint.swift in Sources */ = {isa = PBXBuildFile; fileRef = 1ACC4B052A2BB32F00BCA05A /* Endpoint.swift */; };
		1ACC4B0B2A2BB77A00BCA05A /* WembleyFilmsAPI.swift in Sources */ = {isa = PBXBuildFile; fileRef = 1ACC4B0A2A2BB77A00BCA05A /* WembleyFilmsAPI.swift */; };
		1ACC4B0D2A2BBCFB00BCA05A /* AuthenticationTokenResponse.swift in Sources */ = {isa = PBXBuildFile; fileRef = 1ACC4B0C2A2BBCFB00BCA05A /* AuthenticationTokenResponse.swift */; };
		1ACC4B102A2BBFB000BCA05A /* AuthAPI.swift in Sources */ = {isa = PBXBuildFile; fileRef = 1ACC4B0F2A2BBFB000BCA05A /* AuthAPI.swift */; };
		1ACC4B122A2BC01F00BCA05A /* CreateSessionResponse.swift in Sources */ = {isa = PBXBuildFile; fileRef = 1ACC4B112A2BC01F00BCA05A /* CreateSessionResponse.swift */; };
		1ACC4B142A2BC04800BCA05A /* UserAPI.swift in Sources */ = {isa = PBXBuildFile; fileRef = 1ACC4B132A2BC04800BCA05A /* UserAPI.swift */; };
		1ACC4B162A2BC07100BCA05A /* User.swift in Sources */ = {isa = PBXBuildFile; fileRef = 1ACC4B152A2BC07100BCA05A /* User.swift */; };
		1ACC4B192A2BDA2300BCA05A /* AuthStorage.swift in Sources */ = {isa = PBXBuildFile; fileRef = 1ACC4B182A2BDA2300BCA05A /* AuthStorage.swift */; };
		1ACC4B1B2A2BE86400BCA05A /* FilmAPI.swift in Sources */ = {isa = PBXBuildFile; fileRef = 1ACC4B1A2A2BE86400BCA05A /* FilmAPI.swift */; };
		1ACC4B1D2A2C258000BCA05A /* Debouncer.swift in Sources */ = {isa = PBXBuildFile; fileRef = 1ACC4B1C2A2C258000BCA05A /* Debouncer.swift */; };
		1ACC4B1F2A2C28C700BCA05A /* FilmDetailsViewController.swift in Sources */ = {isa = PBXBuildFile; fileRef = 1ACC4B1E2A2C28C700BCA05A /* FilmDetailsViewController.swift */; };
		1ACC4B222A2C2D1900BCA05A /* Nuke in Frameworks */ = {isa = PBXBuildFile; productRef = 1ACC4B212A2C2D1900BCA05A /* Nuke */; };
		1ACC4B242A2C2D1900BCA05A /* NukeExtensions in Frameworks */ = {isa = PBXBuildFile; productRef = 1ACC4B232A2C2D1900BCA05A /* NukeExtensions */; };
		1ACC4B272A2C93EC00BCA05A /* FilmDetailsViews.swift in Sources */ = {isa = PBXBuildFile; fileRef = 1ACC4B262A2C93EC00BCA05A /* FilmDetailsViews.swift */; };
		1ACC4B292A2CA19700BCA05A /* FilmDetailsDataSource.swift in Sources */ = {isa = PBXBuildFile; fileRef = 1ACC4B282A2CA19700BCA05A /* FilmDetailsDataSource.swift */; };
		1ACC4B2B2A2CBAD300BCA05A /* BaseListViewController.swift in Sources */ = {isa = PBXBuildFile; fileRef = 1ACC4B2A2A2CBAD300BCA05A /* BaseListViewController.swift */; };
		1ACC4B2F2A2CCDD500BCA05A /* DiscoverFilmsListViewController.swift in Sources */ = {isa = PBXBuildFile; fileRef = 1ACC4B2E2A2CCDD500BCA05A /* DiscoverFilmsListViewController.swift */; };
		1ACC4B312A2CD20B00BCA05A /* BaseListViews.swift in Sources */ = {isa = PBXBuildFile; fileRef = 1ACC4B302A2CD20B00BCA05A /* BaseListViews.swift */; };
		1ACC4B362A2CD2F200BCA05A /* FavouriteFilmsListViewController.swift in Sources */ = {isa = PBXBuildFile; fileRef = 1ACC4B352A2CD2F200BCA05A /* FavouriteFilmsListViewController.swift */; };
		1ACC4B382A2CDE8300BCA05A /* FavouriteFilmsDataSource.swift in Sources */ = {isa = PBXBuildFile; fileRef = 1ACC4B372A2CDE8300BCA05A /* FavouriteFilmsDataSource.swift */; };
		1ACC4B3C2A2CE75A00BCA05A /* MarkFavoriteResponse.swift in Sources */ = {isa = PBXBuildFile; fileRef = 1ACC4B3B2A2CE75A00BCA05A /* MarkFavoriteResponse.swift */; };
		1ACC4B3E2A2CFE5F00BCA05A /* Notifications.swift in Sources */ = {isa = PBXBuildFile; fileRef = 1ACC4B3D2A2CFE5F00BCA05A /* Notifications.swift */; };
		1ACC4B492A2D038600BCA05A /* WembleyFilmsTests.swift in Sources */ = {isa = PBXBuildFile; fileRef = 1ACC4B482A2D038600BCA05A /* WembleyFilmsTests.swift */; };
/* End PBXBuildFile section */

/* Begin PBXContainerItemProxy section */
		1ACC4B4A2A2D038600BCA05A /* PBXContainerItemProxy */ = {
			isa = PBXContainerItemProxy;
			containerPortal = 1ACC4A8D2A28F33C00BCA05A /* Project object */;
			proxyType = 1;
			remoteGlobalIDString = 1ACC4A942A28F33D00BCA05A;
			remoteInfo = WembleyFilms;
		};
/* End PBXContainerItemProxy section */

/* Begin PBXFileReference section */
		1ACC4A952A28F33D00BCA05A /* WembleyFilms.app */ = {isa = PBXFileReference; explicitFileType = wrapper.application; includeInIndex = 0; path = WembleyFilms.app; sourceTree = BUILT_PRODUCTS_DIR; };
		1ACC4A982A28F33D00BCA05A /* AppDelegate.swift */ = {isa = PBXFileReference; lastKnownFileType = sourcecode.swift; path = AppDelegate.swift; sourceTree = "<group>"; };
		1ACC4A9A2A28F33D00BCA05A /* SceneDelegate.swift */ = {isa = PBXFileReference; lastKnownFileType = sourcecode.swift; path = SceneDelegate.swift; sourceTree = "<group>"; };
		1ACC4AA12A28F33E00BCA05A /* Assets.xcassets */ = {isa = PBXFileReference; lastKnownFileType = folder.assetcatalog; path = Assets.xcassets; sourceTree = "<group>"; };
		1ACC4AA42A28F33E00BCA05A /* Base */ = {isa = PBXFileReference; lastKnownFileType = file.storyboard; name = Base; path = Base.lproj/LaunchScreen.storyboard; sourceTree = "<group>"; };
		1ACC4AA62A28F33E00BCA05A /* Info.plist */ = {isa = PBXFileReference; lastKnownFileType = text.plist.xml; path = Info.plist; sourceTree = "<group>"; };
		1ACC4AB22A294D7500BCA05A /* TabBaViewController.swift */ = {isa = PBXFileReference; lastKnownFileType = sourcecode.swift; path = TabBaViewController.swift; sourceTree = "<group>"; };
		1ACC4AB52A2A290800BCA05A /* ContainerViewController.swift */ = {isa = PBXFileReference; lastKnownFileType = sourcecode.swift; path = ContainerViewController.swift; sourceTree = "<group>"; };
		1ACC4ABC2A2A315600BCA05A /* StartViewController.swift */ = {isa = PBXFileReference; lastKnownFileType = sourcecode.swift; path = StartViewController.swift; sourceTree = "<group>"; };
		1ACC4ABF2A2A32E000BCA05A /* AppState.swift */ = {isa = PBXFileReference; lastKnownFileType = sourcecode.swift; path = AppState.swift; sourceTree = "<group>"; };
		1ACC4AC82A2A5F4A00BCA05A /* DiscoverFilmsDataSource.swift */ = {isa = PBXFileReference; lastKnownFileType = sourcecode.swift; path = DiscoverFilmsDataSource.swift; sourceTree = "<group>"; };
		1ACC4AD02A2A68BC00BCA05A /* WembleyFilmsAPIClient.swift */ = {isa = PBXFileReference; lastKnownFileType = sourcecode.swift; path = WembleyFilmsAPIClient.swift; sourceTree = "<group>"; };
		1ACC4AD22A2A693500BCA05A /* World.swift */ = {isa = PBXFileReference; lastKnownFileType = sourcecode.swift; path = World.swift; sourceTree = "<group>"; };
		1ACC4AD62A2AB51400BCA05A /* UIViewController+Utilities.swift */ = {isa = PBXFileReference; lastKnownFileType = sourcecode.swift; path = "UIViewController+Utilities.swift"; sourceTree = "<group>"; };
		1ACC4AD82A2ABFAA00BCA05A /* NSAttributedString.swift */ = {isa = PBXFileReference; lastKnownFileType = sourcecode.swift; path = NSAttributedString.swift; sourceTree = "<group>"; };
		1ACC4ADA2A2AC33000BCA05A /* UIImageView+Download.swift */ = {isa = PBXFileReference; lastKnownFileType = sourcecode.swift; path = "UIImageView+Download.swift"; sourceTree = "<group>"; };
		1ACC4AE02A2ACD6A00BCA05A /* Film.swift */ = {isa = PBXFileReference; lastKnownFileType = sourcecode.swift; path = Film.swift; sourceTree = "<group>"; };
		1ACC4B002A2BB0BA00BCA05A /* AuthenticationDataSource.swift */ = {isa = PBXFileReference; lastKnownFileType = sourcecode.swift; path = AuthenticationDataSource.swift; sourceTree = "<group>"; };
		1ACC4B022A2BB24900BCA05A /* WembleyFilmsAPIClient+Extensions.swift */ = {isa = PBXFileReference; lastKnownFileType = sourcecode.swift; path = "WembleyFilmsAPIClient+Extensions.swift"; sourceTree = "<group>"; };
		1ACC4B052A2BB32F00BCA05A /* Endpoint.swift */ = {isa = PBXFileReference; lastKnownFileType = sourcecode.swift; path = Endpoint.swift; sourceTree = "<group>"; };
		1ACC4B0A2A2BB77A00BCA05A /* WembleyFilmsAPI.swift */ = {isa = PBXFileReference; lastKnownFileType = sourcecode.swift; path = WembleyFilmsAPI.swift; sourceTree = "<group>"; };
		1ACC4B0C2A2BBCFB00BCA05A /* AuthenticationTokenResponse.swift */ = {isa = PBXFileReference; lastKnownFileType = sourcecode.swift; path = AuthenticationTokenResponse.swift; sourceTree = "<group>"; };
		1ACC4B0F2A2BBFB000BCA05A /* AuthAPI.swift */ = {isa = PBXFileReference; lastKnownFileType = sourcecode.swift; path = AuthAPI.swift; sourceTree = "<group>"; };
		1ACC4B112A2BC01F00BCA05A /* CreateSessionResponse.swift */ = {isa = PBXFileReference; lastKnownFileType = sourcecode.swift; path = CreateSessionResponse.swift; sourceTree = "<group>"; };
		1ACC4B132A2BC04800BCA05A /* UserAPI.swift */ = {isa = PBXFileReference; lastKnownFileType = sourcecode.swift; path = UserAPI.swift; sourceTree = "<group>"; };
		1ACC4B152A2BC07100BCA05A /* User.swift */ = {isa = PBXFileReference; lastKnownFileType = sourcecode.swift; path = User.swift; sourceTree = "<group>"; };
		1ACC4B182A2BDA2300BCA05A /* AuthStorage.swift */ = {isa = PBXFileReference; lastKnownFileType = sourcecode.swift; path = AuthStorage.swift; sourceTree = "<group>"; };
		1ACC4B1A2A2BE86400BCA05A /* FilmAPI.swift */ = {isa = PBXFileReference; lastKnownFileType = sourcecode.swift; path = FilmAPI.swift; sourceTree = "<group>"; };
		1ACC4B1C2A2C258000BCA05A /* Debouncer.swift */ = {isa = PBXFileReference; lastKnownFileType = sourcecode.swift; path = Debouncer.swift; sourceTree = "<group>"; };
		1ACC4B1E2A2C28C700BCA05A /* FilmDetailsViewController.swift */ = {isa = PBXFileReference; lastKnownFileType = sourcecode.swift; path = FilmDetailsViewController.swift; sourceTree = "<group>"; };
		1ACC4B262A2C93EC00BCA05A /* FilmDetailsViews.swift */ = {isa = PBXFileReference; lastKnownFileType = sourcecode.swift; path = FilmDetailsViews.swift; sourceTree = "<group>"; };
		1ACC4B282A2CA19700BCA05A /* FilmDetailsDataSource.swift */ = {isa = PBXFileReference; lastKnownFileType = sourcecode.swift; path = FilmDetailsDataSource.swift; sourceTree = "<group>"; };
		1ACC4B2A2A2CBAD300BCA05A /* BaseListViewController.swift */ = {isa = PBXFileReference; lastKnownFileType = sourcecode.swift; path = BaseListViewController.swift; sourceTree = "<group>"; };
		1ACC4B2E2A2CCDD500BCA05A /* DiscoverFilmsListViewController.swift */ = {isa = PBXFileReference; lastKnownFileType = sourcecode.swift; path = DiscoverFilmsListViewController.swift; sourceTree = "<group>"; };
		1ACC4B302A2CD20B00BCA05A /* BaseListViews.swift */ = {isa = PBXFileReference; lastKnownFileType = sourcecode.swift; path = BaseListViews.swift; sourceTree = "<group>"; };
		1ACC4B352A2CD2F200BCA05A /* FavouriteFilmsListViewController.swift */ = {isa = PBXFileReference; lastKnownFileType = sourcecode.swift; path = FavouriteFilmsListViewController.swift; sourceTree = "<group>"; };
		1ACC4B372A2CDE8300BCA05A /* FavouriteFilmsDataSource.swift */ = {isa = PBXFileReference; lastKnownFileType = sourcecode.swift; path = FavouriteFilmsDataSource.swift; sourceTree = "<group>"; };
		1ACC4B3B2A2CE75A00BCA05A /* MarkFavoriteResponse.swift */ = {isa = PBXFileReference; lastKnownFileType = sourcecode.swift; path = MarkFavoriteResponse.swift; sourceTree = "<group>"; };
		1ACC4B3D2A2CFE5F00BCA05A /* Notifications.swift */ = {isa = PBXFileReference; lastKnownFileType = sourcecode.swift; path = Notifications.swift; sourceTree = "<group>"; };
		1ACC4B462A2D038600BCA05A /* WembleyFilmsTests.xctest */ = {isa = PBXFileReference; explicitFileType = wrapper.cfbundle; includeInIndex = 0; path = WembleyFilmsTests.xctest; sourceTree = BUILT_PRODUCTS_DIR; };
		1ACC4B482A2D038600BCA05A /* WembleyFilmsTests.swift */ = {isa = PBXFileReference; lastKnownFileType = sourcecode.swift; path = WembleyFilmsTests.swift; sourceTree = "<group>"; };
/* End PBXFileReference section */

/* Begin PBXFrameworksBuildPhase section */
		1ACC4A922A28F33D00BCA05A /* Frameworks */ = {
			isa = PBXFrameworksBuildPhase;
			buildActionMask = 2147483647;
			files = (
				1ACC4B222A2C2D1900BCA05A /* Nuke in Frameworks */,
				1ACC4B242A2C2D1900BCA05A /* NukeExtensions in Frameworks */,
			);
			runOnlyForDeploymentPostprocessing = 0;
		};
		1ACC4B432A2D038600BCA05A /* Frameworks */ = {
			isa = PBXFrameworksBuildPhase;
			buildActionMask = 2147483647;
			files = (
			);
			runOnlyForDeploymentPostprocessing = 0;
		};
/* End PBXFrameworksBuildPhase section */

/* Begin PBXGroup section */
		1ACC4A8C2A28F33C00BCA05A = {
			isa = PBXGroup;
			children = (
				1ACC4A972A28F33D00BCA05A /* WembleyFilms */,
				1ACC4B472A2D038600BCA05A /* WembleyFilmsTests */,
				1ACC4A962A28F33D00BCA05A /* Products */,
			);
			sourceTree = "<group>";
		};
		1ACC4A962A28F33D00BCA05A /* Products */ = {
			isa = PBXGroup;
			children = (
				1ACC4A952A28F33D00BCA05A /* WembleyFilms.app */,
				1ACC4B462A2D038600BCA05A /* WembleyFilmsTests.xctest */,
			);
			name = Products;
			sourceTree = "<group>";
		};
		1ACC4A972A28F33D00BCA05A /* WembleyFilms */ = {
			isa = PBXGroup;
			children = (
				1ACC4B172A2BDA1300BCA05A /* AuthStorage */,
				1ACC4B042A2BB32600BCA05A /* Protocols */,
				1ACC4ADF2A2ACD0900BCA05A /* Models */,
				1ACC4AD52A2AB4FF00BCA05A /* Extensions */,
				1ACC4ACF2A2A68A300BCA05A /* Network */,
				1ACC4AC72A2A5F3A00BCA05A /* DataSource */,
				1ACC4AB12A28FBE500BCA05A /* Assets */,
				1ACC4AB02A28FB9900BCA05A /* ViewControllers */,
				1ACC4AAF2A28FB8000BCA05A /* Configuration */,
				1ACC4AA32A28F33E00BCA05A /* LaunchScreen.storyboard */,
			);
			path = WembleyFilms;
			sourceTree = "<group>";
		};
		1ACC4AAF2A28FB8000BCA05A /* Configuration */ = {
			isa = PBXGroup;
			children = (
				1ACC4AA62A28F33E00BCA05A /* Info.plist */,
				1ACC4A982A28F33D00BCA05A /* AppDelegate.swift */,
				1ACC4A9A2A28F33D00BCA05A /* SceneDelegate.swift */,
				1ACC4ABF2A2A32E000BCA05A /* AppState.swift */,
				1ACC4AD22A2A693500BCA05A /* World.swift */,
			);
			path = Configuration;
			sourceTree = "<group>";
		};
		1ACC4AB02A28FB9900BCA05A /* ViewControllers */ = {
			isa = PBXGroup;
			children = (
				1ACC4ABB2A2A30EA00BCA05A /* FilmDetails */,
				1ACC4ABA2A2A30CE00BCA05A /* FilmsList */,
				1ACC4AB92A2A2FEB00BCA05A /* Start */,
				1ACC4AB82A2A2FD900BCA05A /* TabBar */,
				1ACC4AB72A2A2D3D00BCA05A /* Helpers */,
			);
			path = ViewControllers;
			sourceTree = "<group>";
		};
		1ACC4AB12A28FBE500BCA05A /* Assets */ = {
			isa = PBXGroup;
			children = (
				1ACC4AA12A28F33E00BCA05A /* Assets.xcassets */,
			);
			path = Assets;
			sourceTree = "<group>";
		};
		1ACC4AB72A2A2D3D00BCA05A /* Helpers */ = {
			isa = PBXGroup;
			children = (
				1ACC4AB52A2A290800BCA05A /* ContainerViewController.swift */,
			);
			path = Helpers;
			sourceTree = "<group>";
		};
		1ACC4AB82A2A2FD900BCA05A /* TabBar */ = {
			isa = PBXGroup;
			children = (
				1ACC4AB22A294D7500BCA05A /* TabBaViewController.swift */,
			);
			path = TabBar;
			sourceTree = "<group>";
		};
		1ACC4AB92A2A2FEB00BCA05A /* Start */ = {
			isa = PBXGroup;
			children = (
				1ACC4ABC2A2A315600BCA05A /* StartViewController.swift */,
			);
			path = Start;
			sourceTree = "<group>";
		};
		1ACC4ABA2A2A30CE00BCA05A /* FilmsList */ = {
			isa = PBXGroup;
			children = (
				1ACC4B2A2A2CBAD300BCA05A /* BaseListViewController.swift */,
				1ACC4B332A2CD26600BCA05A /* Views */,
				1ACC4B342A2CD28400BCA05A /* ChildVC */,
			);
			path = FilmsList;
			sourceTree = "<group>";
		};
		1ACC4ABB2A2A30EA00BCA05A /* FilmDetails */ = {
			isa = PBXGroup;
			children = (
				1ACC4B252A2C93C800BCA05A /* FilmDetailsViews */,
				1ACC4B1E2A2C28C700BCA05A /* FilmDetailsViewController.swift */,
			);
			path = FilmDetails;
			sourceTree = "<group>";
		};
		1ACC4AC72A2A5F3A00BCA05A /* DataSource */ = {
			isa = PBXGroup;
			children = (
				1ACC4AC82A2A5F4A00BCA05A /* DiscoverFilmsDataSource.swift */,
				1ACC4B002A2BB0BA00BCA05A /* AuthenticationDataSource.swift */,
				1ACC4B282A2CA19700BCA05A /* FilmDetailsDataSource.swift */,
				1ACC4B372A2CDE8300BCA05A /* FavouriteFilmsDataSource.swift */,
			);
			path = DataSource;
			sourceTree = "<group>";
		};
		1ACC4ACF2A2A68A300BCA05A /* Network */ = {
			isa = PBXGroup;
			children = (
				1ACC4B0A2A2BB77A00BCA05A /* WembleyFilmsAPI.swift */,
				1ACC4AD02A2A68BC00BCA05A /* WembleyFilmsAPIClient.swift */,
				1ACC4B0E2A2BBF9A00BCA05A /* API */,
			);
			path = Network;
			sourceTree = "<group>";
		};
		1ACC4AD52A2AB4FF00BCA05A /* Extensions */ = {
			isa = PBXGroup;
			children = (
				1ACC4AD62A2AB51400BCA05A /* UIViewController+Utilities.swift */,
				1ACC4AD82A2ABFAA00BCA05A /* NSAttributedString.swift */,
				1ACC4ADA2A2AC33000BCA05A /* UIImageView+Download.swift */,
				1ACC4B022A2BB24900BCA05A /* WembleyFilmsAPIClient+Extensions.swift */,
				1ACC4B1C2A2C258000BCA05A /* Debouncer.swift */,
				1ACC4B3D2A2CFE5F00BCA05A /* Notifications.swift */,
			);
			path = Extensions;
			sourceTree = "<group>";
		};
		1ACC4ADF2A2ACD0900BCA05A /* Models */ = {
			isa = PBXGroup;
			children = (
				1ACC4B0C2A2BBCFB00BCA05A /* AuthenticationTokenResponse.swift */,
				1ACC4AE02A2ACD6A00BCA05A /* Film.swift */,
				1ACC4B112A2BC01F00BCA05A /* CreateSessionResponse.swift */,
				1ACC4B152A2BC07100BCA05A /* User.swift */,
				1ACC4B3B2A2CE75A00BCA05A /* MarkFavoriteResponse.swift */,
			);
			path = Models;
			sourceTree = "<group>";
		};
		1ACC4B042A2BB32600BCA05A /* Protocols */ = {
			isa = PBXGroup;
			children = (
				1ACC4B052A2BB32F00BCA05A /* Endpoint.swift */,
			);
			path = Protocols;
			sourceTree = "<group>";
		};
		1ACC4B0E2A2BBF9A00BCA05A /* API */ = {
			isa = PBXGroup;
			children = (
				1ACC4B0F2A2BBFB000BCA05A /* AuthAPI.swift */,
				1ACC4B132A2BC04800BCA05A /* UserAPI.swift */,
				1ACC4B1A2A2BE86400BCA05A /* FilmAPI.swift */,
			);
			path = API;
			sourceTree = "<group>";
		};
		1ACC4B172A2BDA1300BCA05A /* AuthStorage */ = {
			isa = PBXGroup;
			children = (
				1ACC4B182A2BDA2300BCA05A /* AuthStorage.swift */,
			);
			path = AuthStorage;
			sourceTree = "<group>";
		};
		1ACC4B252A2C93C800BCA05A /* FilmDetailsViews */ = {
			isa = PBXGroup;
			children = (
				1ACC4B262A2C93EC00BCA05A /* FilmDetailsViews.swift */,
			);
			path = FilmDetailsViews;
			sourceTree = "<group>";
		};
		1ACC4B332A2CD26600BCA05A /* Views */ = {
			isa = PBXGroup;
			children = (
				1ACC4B302A2CD20B00BCA05A /* BaseListViews.swift */,
			);
			path = Views;
			sourceTree = "<group>";
		};
		1ACC4B342A2CD28400BCA05A /* ChildVC */ = {
			isa = PBXGroup;
			children = (
				1ACC4B2E2A2CCDD500BCA05A /* DiscoverFilmsListViewController.swift */,
				1ACC4B352A2CD2F200BCA05A /* FavouriteFilmsListViewController.swift */,
			);
			path = ChildVC;
			sourceTree = "<group>";
		};
		1ACC4B472A2D038600BCA05A /* WembleyFilmsTests */ = {
			isa = PBXGroup;
			children = (
				1ACC4B482A2D038600BCA05A /* WembleyFilmsTests.swift */,
			);
			path = WembleyFilmsTests;
			sourceTree = "<group>";
		};
/* End PBXGroup section */

/* Begin PBXNativeTarget section */
		1ACC4A942A28F33D00BCA05A /* WembleyFilms */ = {
			isa = PBXNativeTarget;
			buildConfigurationList = 1ACC4AA92A28F33E00BCA05A /* Build configuration list for PBXNativeTarget "WembleyFilms" */;
			buildPhases = (
				1ACC4A912A28F33D00BCA05A /* Sources */,
				1ACC4A922A28F33D00BCA05A /* Frameworks */,
				1ACC4A932A28F33D00BCA05A /* Resources */,
			);
			buildRules = (
			);
			dependencies = (
			);
			name = WembleyFilms;
			packageProductDependencies = (
				1ACC4B212A2C2D1900BCA05A /* Nuke */,
				1ACC4B232A2C2D1900BCA05A /* NukeExtensions */,
			);
			productName = WembleyFilms;
			productReference = 1ACC4A952A28F33D00BCA05A /* WembleyFilms.app */;
			productType = "com.apple.product-type.application";
		};
		1ACC4B452A2D038600BCA05A /* WembleyFilmsTests */ = {
			isa = PBXNativeTarget;
			buildConfigurationList = 1ACC4B4E2A2D038600BCA05A /* Build configuration list for PBXNativeTarget "WembleyFilmsTests" */;
			buildPhases = (
				1ACC4B422A2D038600BCA05A /* Sources */,
				1ACC4B432A2D038600BCA05A /* Frameworks */,
				1ACC4B442A2D038600BCA05A /* Resources */,
			);
			buildRules = (
			);
			dependencies = (
				1ACC4B4B2A2D038600BCA05A /* PBXTargetDependency */,
			);
			name = WembleyFilmsTests;
			productName = WembleyFilmsTests;
			productReference = 1ACC4B462A2D038600BCA05A /* WembleyFilmsTests.xctest */;
			productType = "com.apple.product-type.bundle.unit-test";
		};
/* End PBXNativeTarget section */

/* Begin PBXProject section */
		1ACC4A8D2A28F33C00BCA05A /* Project object */ = {
			isa = PBXProject;
			attributes = {
				BuildIndependentTargetsInParallel = 1;
				LastSwiftUpdateCheck = 1430;
				LastUpgradeCheck = 1430;
				TargetAttributes = {
					1ACC4A942A28F33D00BCA05A = {
						CreatedOnToolsVersion = 14.3;
					};
					1ACC4B452A2D038600BCA05A = {
						CreatedOnToolsVersion = 14.3;
						TestTargetID = 1ACC4A942A28F33D00BCA05A;
					};
				};
			};
			buildConfigurationList = 1ACC4A902A28F33C00BCA05A /* Build configuration list for PBXProject "WembleyFilms" */;
			compatibilityVersion = "Xcode 14.0";
			developmentRegion = en;
			hasScannedForEncodings = 0;
			knownRegions = (
				en,
				Base,
			);
			mainGroup = 1ACC4A8C2A28F33C00BCA05A;
			packageReferences = (
				1ACC4B202A2C2D1900BCA05A /* XCRemoteSwiftPackageReference "Nuke" */,
			);
			productRefGroup = 1ACC4A962A28F33D00BCA05A /* Products */;
			projectDirPath = "";
			projectRoot = "";
			targets = (
				1ACC4A942A28F33D00BCA05A /* WembleyFilms */,
				1ACC4B452A2D038600BCA05A /* WembleyFilmsTests */,
			);
		};
/* End PBXProject section */

/* Begin PBXResourcesBuildPhase section */
		1ACC4A932A28F33D00BCA05A /* Resources */ = {
			isa = PBXResourcesBuildPhase;
			buildActionMask = 2147483647;
			files = (
				1ACC4AA52A28F33E00BCA05A /* LaunchScreen.storyboard in Resources */,
				1ACC4AA22A28F33E00BCA05A /* Assets.xcassets in Resources */,
			);
			runOnlyForDeploymentPostprocessing = 0;
		};
		1ACC4B442A2D038600BCA05A /* Resources */ = {
			isa = PBXResourcesBuildPhase;
			buildActionMask = 2147483647;
			files = (
			);
			runOnlyForDeploymentPostprocessing = 0;
		};
/* End PBXResourcesBuildPhase section */

/* Begin PBXSourcesBuildPhase section */
		1ACC4A912A28F33D00BCA05A /* Sources */ = {
			isa = PBXSourcesBuildPhase;
			buildActionMask = 2147483647;
			files = (
				1ACC4B3C2A2CE75A00BCA05A /* MarkFavoriteResponse.swift in Sources */,
				1ACC4B362A2CD2F200BCA05A /* FavouriteFilmsListViewController.swift in Sources */,
				1ACC4B032A2BB24900BCA05A /* WembleyFilmsAPIClient+Extensions.swift in Sources */,
				1ACC4A992A28F33D00BCA05A /* AppDelegate.swift in Sources */,
				1ACC4B1D2A2C258000BCA05A /* Debouncer.swift in Sources */,
				1ACC4B382A2CDE8300BCA05A /* FavouriteFilmsDataSource.swift in Sources */,
				1ACC4B272A2C93EC00BCA05A /* FilmDetailsViews.swift in Sources */,
				1ACC4B0D2A2BBCFB00BCA05A /* AuthenticationTokenResponse.swift in Sources */,
				1ACC4B142A2BC04800BCA05A /* UserAPI.swift in Sources */,
				1ACC4B1B2A2BE86400BCA05A /* FilmAPI.swift in Sources */,
				1ACC4A9B2A28F33D00BCA05A /* SceneDelegate.swift in Sources */,
				1ACC4AD72A2AB51400BCA05A /* UIViewController+Utilities.swift in Sources */,
				1ACC4B192A2BDA2300BCA05A /* AuthStorage.swift in Sources */,
				1ACC4B122A2BC01F00BCA05A /* CreateSessionResponse.swift in Sources */,
				1ACC4AC92A2A5F4A00BCA05A /* DiscoverFilmsDataSource.swift in Sources */,
				1ACC4B3E2A2CFE5F00BCA05A /* Notifications.swift in Sources */,
				1ACC4B2B2A2CBAD300BCA05A /* BaseListViewController.swift in Sources */,
				1ACC4AC02A2A32E000BCA05A /* AppState.swift in Sources */,
				1ACC4AB62A2A290800BCA05A /* ContainerViewController.swift in Sources */,
				1ACC4AB32A294D7500BCA05A /* TabBaViewController.swift in Sources */,
				1ACC4B292A2CA19700BCA05A /* FilmDetailsDataSource.swift in Sources */,
				1ACC4AD32A2A693500BCA05A /* World.swift in Sources */,
				1ACC4B312A2CD20B00BCA05A /* BaseListViews.swift in Sources */,
				1ACC4B0B2A2BB77A00BCA05A /* WembleyFilmsAPI.swift in Sources */,
				1ACC4B062A2BB32F00BCA05A /* Endpoint.swift in Sources */,
				1ACC4B102A2BBFB000BCA05A /* AuthAPI.swift in Sources */,
				1ACC4B2F2A2CCDD500BCA05A /* DiscoverFilmsListViewController.swift in Sources */,
				1ACC4AD12A2A68BC00BCA05A /* WembleyFilmsAPIClient.swift in Sources */,
				1ACC4AE12A2ACD6A00BCA05A /* Film.swift in Sources */,
				1ACC4ABD2A2A315600BCA05A /* StartViewController.swift in Sources */,
				1ACC4B012A2BB0BA00BCA05A /* AuthenticationDataSource.swift in Sources */,
				1ACC4B1F2A2C28C700BCA05A /* FilmDetailsViewController.swift in Sources */,
				1ACC4B162A2BC07100BCA05A /* User.swift in Sources */,
				1ACC4AD92A2ABFAA00BCA05A /* NSAttributedString.swift in Sources */,
				1ACC4ADB2A2AC33000BCA05A /* UIImageView+Download.swift in Sources */,
			);
			runOnlyForDeploymentPostprocessing = 0;
		};
		1ACC4B422A2D038600BCA05A /* Sources */ = {
			isa = PBXSourcesBuildPhase;
			buildActionMask = 2147483647;
			files = (
				1ACC4B492A2D038600BCA05A /* WembleyFilmsTests.swift in Sources */,
			);
			runOnlyForDeploymentPostprocessing = 0;
		};
/* End PBXSourcesBuildPhase section */

/* Begin PBXTargetDependency section */
		1ACC4B4B2A2D038600BCA05A /* PBXTargetDependency */ = {
			isa = PBXTargetDependency;
			target = 1ACC4A942A28F33D00BCA05A /* WembleyFilms */;
			targetProxy = 1ACC4B4A2A2D038600BCA05A /* PBXContainerItemProxy */;
		};
/* End PBXTargetDependency section */

/* Begin PBXVariantGroup section */
		1ACC4AA32A28F33E00BCA05A /* LaunchScreen.storyboard */ = {
			isa = PBXVariantGroup;
			children = (
				1ACC4AA42A28F33E00BCA05A /* Base */,
			);
			name = LaunchScreen.storyboard;
			sourceTree = "<group>";
		};
/* End PBXVariantGroup section */

/* Begin XCBuildConfiguration section */
		1ACC4AA72A28F33E00BCA05A /* Debug */ = {
			isa = XCBuildConfiguration;
			buildSettings = {
				ALWAYS_SEARCH_USER_PATHS = NO;
				CLANG_ANALYZER_NONNULL = YES;
				CLANG_ANALYZER_NUMBER_OBJECT_CONVERSION = YES_AGGRESSIVE;
				CLANG_CXX_LANGUAGE_STANDARD = "gnu++20";
				CLANG_ENABLE_MODULES = YES;
				CLANG_ENABLE_OBJC_ARC = YES;
				CLANG_ENABLE_OBJC_WEAK = YES;
				CLANG_WARN_BLOCK_CAPTURE_AUTORELEASING = YES;
				CLANG_WARN_BOOL_CONVERSION = YES;
				CLANG_WARN_COMMA = YES;
				CLANG_WARN_CONSTANT_CONVERSION = YES;
				CLANG_WARN_DEPRECATED_OBJC_IMPLEMENTATIONS = YES;
				CLANG_WARN_DIRECT_OBJC_ISA_USAGE = YES_ERROR;
				CLANG_WARN_DOCUMENTATION_COMMENTS = YES;
				CLANG_WARN_EMPTY_BODY = YES;
				CLANG_WARN_ENUM_CONVERSION = YES;
				CLANG_WARN_INFINITE_RECURSION = YES;
				CLANG_WARN_INT_CONVERSION = YES;
				CLANG_WARN_NON_LITERAL_NULL_CONVERSION = YES;
				CLANG_WARN_OBJC_IMPLICIT_RETAIN_SELF = YES;
				CLANG_WARN_OBJC_LITERAL_CONVERSION = YES;
				CLANG_WARN_OBJC_ROOT_CLASS = YES_ERROR;
				CLANG_WARN_QUOTED_INCLUDE_IN_FRAMEWORK_HEADER = YES;
				CLANG_WARN_RANGE_LOOP_ANALYSIS = YES;
				CLANG_WARN_STRICT_PROTOTYPES = YES;
				CLANG_WARN_SUSPICIOUS_MOVE = YES;
				CLANG_WARN_UNGUARDED_AVAILABILITY = YES_AGGRESSIVE;
				CLANG_WARN_UNREACHABLE_CODE = YES;
				CLANG_WARN__DUPLICATE_METHOD_MATCH = YES;
				COPY_PHASE_STRIP = NO;
				DEBUG_INFORMATION_FORMAT = dwarf;
				ENABLE_STRICT_OBJC_MSGSEND = YES;
				ENABLE_TESTABILITY = YES;
				GCC_C_LANGUAGE_STANDARD = gnu11;
				GCC_DYNAMIC_NO_PIC = NO;
				GCC_NO_COMMON_BLOCKS = YES;
				GCC_OPTIMIZATION_LEVEL = 0;
				GCC_PREPROCESSOR_DEFINITIONS = (
					"DEBUG=1",
					"$(inherited)",
				);
				GCC_WARN_64_TO_32_BIT_CONVERSION = YES;
				GCC_WARN_ABOUT_RETURN_TYPE = YES_ERROR;
				GCC_WARN_UNDECLARED_SELECTOR = YES;
				GCC_WARN_UNINITIALIZED_AUTOS = YES_AGGRESSIVE;
				GCC_WARN_UNUSED_FUNCTION = YES;
				GCC_WARN_UNUSED_VARIABLE = YES;
				IPHONEOS_DEPLOYMENT_TARGET = 15.6;
				MTL_ENABLE_DEBUG_INFO = INCLUDE_SOURCE;
				MTL_FAST_MATH = YES;
				ONLY_ACTIVE_ARCH = YES;
				SDKROOT = iphoneos;
				SWIFT_ACTIVE_COMPILATION_CONDITIONS = DEBUG;
				SWIFT_OPTIMIZATION_LEVEL = "-Onone";
			};
			name = Debug;
		};
		1ACC4AA82A28F33E00BCA05A /* Release */ = {
			isa = XCBuildConfiguration;
			buildSettings = {
				ALWAYS_SEARCH_USER_PATHS = NO;
				CLANG_ANALYZER_NONNULL = YES;
				CLANG_ANALYZER_NUMBER_OBJECT_CONVERSION = YES_AGGRESSIVE;
				CLANG_CXX_LANGUAGE_STANDARD = "gnu++20";
				CLANG_ENABLE_MODULES = YES;
				CLANG_ENABLE_OBJC_ARC = YES;
				CLANG_ENABLE_OBJC_WEAK = YES;
				CLANG_WARN_BLOCK_CAPTURE_AUTORELEASING = YES;
				CLANG_WARN_BOOL_CONVERSION = YES;
				CLANG_WARN_COMMA = YES;
				CLANG_WARN_CONSTANT_CONVERSION = YES;
				CLANG_WARN_DEPRECATED_OBJC_IMPLEMENTATIONS = YES;
				CLANG_WARN_DIRECT_OBJC_ISA_USAGE = YES_ERROR;
				CLANG_WARN_DOCUMENTATION_COMMENTS = YES;
				CLANG_WARN_EMPTY_BODY = YES;
				CLANG_WARN_ENUM_CONVERSION = YES;
				CLANG_WARN_INFINITE_RECURSION = YES;
				CLANG_WARN_INT_CONVERSION = YES;
				CLANG_WARN_NON_LITERAL_NULL_CONVERSION = YES;
				CLANG_WARN_OBJC_IMPLICIT_RETAIN_SELF = YES;
				CLANG_WARN_OBJC_LITERAL_CONVERSION = YES;
				CLANG_WARN_OBJC_ROOT_CLASS = YES_ERROR;
				CLANG_WARN_QUOTED_INCLUDE_IN_FRAMEWORK_HEADER = YES;
				CLANG_WARN_RANGE_LOOP_ANALYSIS = YES;
				CLANG_WARN_STRICT_PROTOTYPES = YES;
				CLANG_WARN_SUSPICIOUS_MOVE = YES;
				CLANG_WARN_UNGUARDED_AVAILABILITY = YES_AGGRESSIVE;
				CLANG_WARN_UNREACHABLE_CODE = YES;
				CLANG_WARN__DUPLICATE_METHOD_MATCH = YES;
				COPY_PHASE_STRIP = NO;
				DEBUG_INFORMATION_FORMAT = "dwarf-with-dsym";
				ENABLE_NS_ASSERTIONS = NO;
				ENABLE_STRICT_OBJC_MSGSEND = YES;
				GCC_C_LANGUAGE_STANDARD = gnu11;
				GCC_NO_COMMON_BLOCKS = YES;
				GCC_WARN_64_TO_32_BIT_CONVERSION = YES;
				GCC_WARN_ABOUT_RETURN_TYPE = YES_ERROR;
				GCC_WARN_UNDECLARED_SELECTOR = YES;
				GCC_WARN_UNINITIALIZED_AUTOS = YES_AGGRESSIVE;
				GCC_WARN_UNUSED_FUNCTION = YES;
				GCC_WARN_UNUSED_VARIABLE = YES;
				IPHONEOS_DEPLOYMENT_TARGET = 15.6;
				MTL_ENABLE_DEBUG_INFO = NO;
				MTL_FAST_MATH = YES;
				SDKROOT = iphoneos;
				SWIFT_COMPILATION_MODE = wholemodule;
				SWIFT_OPTIMIZATION_LEVEL = "-O";
				VALIDATE_PRODUCT = YES;
			};
			name = Release;
		};
		1ACC4AAA2A28F33E00BCA05A /* Debug */ = {
			isa = XCBuildConfiguration;
			buildSettings = {
				ASSETCATALOG_COMPILER_APPICON_NAME = AppIcon;
				ASSETCATALOG_COMPILER_GLOBAL_ACCENT_COLOR_NAME = AccentColor;
				CODE_SIGN_STYLE = Automatic;
				CURRENT_PROJECT_VERSION = 1;
				GENERATE_INFOPLIST_FILE = YES;
				INFOPLIST_FILE = WembleyFilms/Configuration/Info.plist;
				INFOPLIST_KEY_UIApplicationSupportsIndirectInputEvents = YES;
				INFOPLIST_KEY_UILaunchStoryboardName = LaunchScreen;
				INFOPLIST_KEY_UIMainStoryboardFile = "";
				INFOPLIST_KEY_UISupportedInterfaceOrientations_iPad = "UIInterfaceOrientationPortrait UIInterfaceOrientationPortraitUpsideDown UIInterfaceOrientationLandscapeLeft UIInterfaceOrientationLandscapeRight";
				INFOPLIST_KEY_UISupportedInterfaceOrientations_iPhone = "UIInterfaceOrientationPortrait UIInterfaceOrientationLandscapeLeft UIInterfaceOrientationLandscapeRight";
				LD_RUNPATH_SEARCH_PATHS = (
					"$(inherited)",
					"@executable_path/Frameworks",
				);
				MARKETING_VERSION = 1.0;
				PRODUCT_BUNDLE_IDENTIFIER = WembleyStudios.WembleyFilms;
				PRODUCT_NAME = "$(TARGET_NAME)";
				SWIFT_EMIT_LOC_STRINGS = YES;
				SWIFT_VERSION = 5.0;
				TARGETED_DEVICE_FAMILY = "1,2";
			};
			name = Debug;
		};
		1ACC4AAB2A28F33E00BCA05A /* Release */ = {
			isa = XCBuildConfiguration;
			buildSettings = {
				ASSETCATALOG_COMPILER_APPICON_NAME = AppIcon;
				ASSETCATALOG_COMPILER_GLOBAL_ACCENT_COLOR_NAME = AccentColor;
				CODE_SIGN_STYLE = Automatic;
				CURRENT_PROJECT_VERSION = 1;
				GENERATE_INFOPLIST_FILE = YES;
				INFOPLIST_FILE = WembleyFilms/Configuration/Info.plist;
				INFOPLIST_KEY_UIApplicationSupportsIndirectInputEvents = YES;
				INFOPLIST_KEY_UILaunchStoryboardName = LaunchScreen;
				INFOPLIST_KEY_UIMainStoryboardFile = "";
				INFOPLIST_KEY_UISupportedInterfaceOrientations_iPad = "UIInterfaceOrientationPortrait UIInterfaceOrientationPortraitUpsideDown UIInterfaceOrientationLandscapeLeft UIInterfaceOrientationLandscapeRight";
				INFOPLIST_KEY_UISupportedInterfaceOrientations_iPhone = "UIInterfaceOrientationPortrait UIInterfaceOrientationLandscapeLeft UIInterfaceOrientationLandscapeRight";
				LD_RUNPATH_SEARCH_PATHS = (
					"$(inherited)",
					"@executable_path/Frameworks",
				);
				MARKETING_VERSION = 1.0;
				PRODUCT_BUNDLE_IDENTIFIER = WembleyStudios.WembleyFilms;
				PRODUCT_NAME = "$(TARGET_NAME)";
				SWIFT_EMIT_LOC_STRINGS = YES;
				SWIFT_VERSION = 5.0;
				TARGETED_DEVICE_FAMILY = "1,2";
			};
			name = Release;
		};
		1ACC4B4C2A2D038600BCA05A /* Debug */ = {
			isa = XCBuildConfiguration;
			buildSettings = {
				BUNDLE_LOADER = "$(TEST_HOST)";
				CODE_SIGN_STYLE = Automatic;
				CURRENT_PROJECT_VERSION = 1;
				GENERATE_INFOPLIST_FILE = YES;
				IPHONEOS_DEPLOYMENT_TARGET = 16.4;
				MARKETING_VERSION = 1.0;
				PRODUCT_BUNDLE_IDENTIFIER = WembleyStudios.WembleyFilmsTests;
				PRODUCT_NAME = "$(TARGET_NAME)";
				SWIFT_EMIT_LOC_STRINGS = NO;
				SWIFT_VERSION = 5.0;
				TARGETED_DEVICE_FAMILY = "1,2";
				TEST_HOST = "$(BUILT_PRODUCTS_DIR)/WembleyFilms.app/$(BUNDLE_EXECUTABLE_FOLDER_PATH)/WembleyFilms";
			};
			name = Debug;
		};
		1ACC4B4D2A2D038600BCA05A /* Release */ = {
			isa = XCBuildConfiguration;
			buildSettings = {
				BUNDLE_LOADER = "$(TEST_HOST)";
				CODE_SIGN_STYLE = Automatic;
				CURRENT_PROJECT_VERSION = 1;
				GENERATE_INFOPLIST_FILE = YES;
				IPHONEOS_DEPLOYMENT_TARGET = 16.4;
				MARKETING_VERSION = 1.0;
				PRODUCT_BUNDLE_IDENTIFIER = WembleyStudios.WembleyFilmsTests;
				PRODUCT_NAME = "$(TARGET_NAME)";
				SWIFT_EMIT_LOC_STRINGS = NO;
				SWIFT_VERSION = 5.0;
				TARGETED_DEVICE_FAMILY = "1,2";
				TEST_HOST = "$(BUILT_PRODUCTS_DIR)/WembleyFilms.app/$(BUNDLE_EXECUTABLE_FOLDER_PATH)/WembleyFilms";
			};
			name = Release;
		};
/* End XCBuildConfiguration section */

/* Begin XCConfigurationList section */
		1ACC4A902A28F33C00BCA05A /* Build configuration list for PBXProject "WembleyFilms" */ = {
			isa = XCConfigurationList;
			buildConfigurations = (
				1ACC4AA72A28F33E00BCA05A /* Debug */,
				1ACC4AA82A28F33E00BCA05A /* Release */,
			);
			defaultConfigurationIsVisible = 0;
			defaultConfigurationName = Release;
		};
		1ACC4AA92A28F33E00BCA05A /* Build configuration list for PBXNativeTarget "WembleyFilms" */ = {
			isa = XCConfigurationList;
			buildConfigurations = (
				1ACC4AAA2A28F33E00BCA05A /* Debug */,
				1ACC4AAB2A28F33E00BCA05A /* Release */,
			);
			defaultConfigurationIsVisible = 0;
			defaultConfigurationName = Release;
		};
		1ACC4B4E2A2D038600BCA05A /* Build configuration list for PBXNativeTarget "WembleyFilmsTests" */ = {
			isa = XCConfigurationList;
			buildConfigurations = (
				1ACC4B4C2A2D038600BCA05A /* Debug */,
				1ACC4B4D2A2D038600BCA05A /* Release */,
			);
			defaultConfigurationIsVisible = 0;
			defaultConfigurationName = Release;
		};
/* End XCConfigurationList section */

/* Begin XCRemoteSwiftPackageReference section */
		1ACC4B202A2C2D1900BCA05A /* XCRemoteSwiftPackageReference "Nuke" */ = {
			isa = XCRemoteSwiftPackageReference;
			repositoryURL = "https://github.com/kean/Nuke.git";
			requirement = {
				kind = upToNextMajorVersion;
				minimumVersion = 12.0.0;
			};
		};
/* End XCRemoteSwiftPackageReference section */

/* Begin XCSwiftPackageProductDependency section */
		1ACC4B212A2C2D1900BCA05A /* Nuke */ = {
			isa = XCSwiftPackageProductDependency;
			package = 1ACC4B202A2C2D1900BCA05A /* XCRemoteSwiftPackageReference "Nuke" */;
			productName = Nuke;
		};
		1ACC4B232A2C2D1900BCA05A /* NukeExtensions */ = {
			isa = XCSwiftPackageProductDependency;
			package = 1ACC4B202A2C2D1900BCA05A /* XCRemoteSwiftPackageReference "Nuke" */;
			productName = NukeExtensions;
		};
/* End XCSwiftPackageProductDependency section */
	};
	rootObject = 1ACC4A8D2A28F33C00BCA05A /* Project object */;
}
